# This file is automatically @generated by Cargo.
# It is not intended for manual editing.
version = 3

[[package]]
name = "micro_ndarray"
version = "0.2.3"
source = "registry+https://github.com/rust-lang/crates.io-index"
checksum = "f996e08cdef95f8c1fe63f63b2efe72b8be6d8ec6113d0e41f5f1416daa09d9c"

[[package]]
name = "readformat"
version = "0.1.2"
source = "registry+https://github.com/rust-lang/crates.io-index"
checksum = "b03f7fbd470aa8b3ad163c85cce8bccfc11cc9c44ef12da0a4eddd98bd307352"

[[package]]
name = "sim"
version = "0.1.0"
dependencies = [
 "micro_ndarray",
 "readformat",
]
